
Microsoft Visual Studio Solution File, Format Version 12.00
# Visual Studio 15
VisualStudioVersion = 15.0.28307.902
MinimumVisualStudioVersion = 10.0.40219.1
Project("{9A19103F-16F7-4668-BE54-9A1E7A4F7556}") = "Dyplomowanie", "Dyplomowanie\Dyplomowanie.csproj", "{ABD3064F-9703-46AE-94BA-6B4338F2E183}"
EndProject
Project("{FAE04EC0-301F-11D3-BF4B-00C04F79EFBC}") = "DyplomowanieTest", "DyplomowanieTest\DyplomowanieTest.csproj", "{DC81F396-8377-4ECA-A866-12752AA69945}"
EndProject
Global
	GlobalSection(SolutionConfigurationPlatforms) = preSolution
		Debug|Any CPU = Debug|Any CPU
		Release|Any CPU = Release|Any CPU
	EndGlobalSection
	GlobalSection(ProjectConfigurationPlatforms) = postSolution
		{ABD3064F-9703-46AE-94BA-6B4338F2E183}.Debug|Any CPU.ActiveCfg = Debug|Any CPU
		{ABD3064F-9703-46AE-94BA-6B4338F2E183}.Debug|Any CPU.Build.0 = Debug|Any CPU
		{ABD3064F-9703-46AE-94BA-6B4338F2E183}.Release|Any CPU.ActiveCfg = Release|Any CPU
		{ABD3064F-9703-46AE-94BA-6B4338F2E183}.Release|Any CPU.Build.0 = Release|Any CPU
		{DC81F396-8377-4ECA-A866-12752AA69945}.Debug|Any CPU.ActiveCfg = Debug|Any CPU
		{DC81F396-8377-4ECA-A866-12752AA69945}.Debug|Any CPU.Build.0 = Debug|Any CPU
		{DC81F396-8377-4ECA-A866-12752AA69945}.Release|Any CPU.ActiveCfg = Release|Any CPU
		{DC81F396-8377-4ECA-A866-12752AA69945}.Release|Any CPU.Build.0 = Release|Any CPU
	EndGlobalSection
	GlobalSection(SolutionProperties) = preSolution
		HideSolutionNode = FALSE
	EndGlobalSection
	GlobalSection(ExtensibilityGlobals) = postSolution
		SolutionGuid = {C54DFB56-EC0F-4BF1-9700-BBCAB52C880B}
	EndGlobalSection
EndGlobal
